
Microsoft Visual Studio Solution File, Format Version 12.00
# Visual Studio 2012
Project("{FAE04EC0-301F-11D3-BF4B-00C04F79EFBC}") = "MCENFLX", "MCENFLX\MCENFLX.csproj", "{3FAC6F51-E0D6-4628-83F4-B4BA3AC0A395}"
EndProject
Global
	GlobalSection(SolutionConfigurationPlatforms) = preSolution
		CD_ROM|Any CPU = CD_ROM|Any CPU
		Debug|Any CPU = Debug|Any CPU
		DVD-5|Any CPU = DVD-5|Any CPU
		Release|Any CPU = Release|Any CPU
		SingleImage|Any CPU = SingleImage|Any CPU
	EndGlobalSection
	GlobalSection(ProjectConfigurationPlatforms) = postSolution
		{3FAC6F51-E0D6-4628-83F4-B4BA3AC0A395}.CD_ROM|Any CPU.ActiveCfg = Release|Any CPU
		{3FAC6F51-E0D6-4628-83F4-B4BA3AC0A395}.CD_ROM|Any CPU.Build.0 = Release|Any CPU
		{3FAC6F51-E0D6-4628-83F4-B4BA3AC0A395}.Debug|Any CPU.ActiveCfg = Debug|Any CPU
		{3FAC6F51-E0D6-4628-83F4-B4BA3AC0A395}.Debug|Any CPU.Build.0 = Debug|Any CPU
		{3FAC6F51-E0D6-4628-83F4-B4BA3AC0A395}.DVD-5|Any CPU.ActiveCfg = Debug|Any CPU
		{3FAC6F51-E0D6-4628-83F4-B4BA3AC0A395}.DVD-5|Any CPU.Build.0 = Debug|Any CPU
		{3FAC6F51-E0D6-4628-83F4-B4BA3AC0A395}.Release|Any CPU.ActiveCfg = Release|Any CPU
		{3FAC6F51-E0D6-4628-83F4-B4BA3AC0A395}.Release|Any CPU.Build.0 = Release|Any CPU
		{3FAC6F51-E0D6-4628-83F4-B4BA3AC0A395}.SingleImage|Any CPU.ActiveCfg = Release|Any CPU
		{3FAC6F51-E0D6-4628-83F4-B4BA3AC0A395}.SingleImage|Any CPU.Build.0 = Release|Any CPU
	EndGlobalSection
	GlobalSection(SolutionProperties) = preSolution
		HideSolutionNode = FALSE
	EndGlobalSection
EndGlobal
